
Microsoft Visual Studio Solution File, Format Version 12.00
# Visual Studio Version 17
VisualStudioVersion = 17.14.36623.8
MinimumVisualStudioVersion = 10.0.40219.1
Project("{FAE04EC0-301F-11D3-BF4B-00C04F79EFBC}") = "SanJoseEstudiantes", "SanJoseEstudiantes.csproj", "{A0839BE5-7A72-4BD9-BB77-FC691B1E1B19}"
EndProject
Global
	GlobalSection(SolutionConfigurationPlatforms) = preSolution
		Debug|Any CPU = Debug|Any CPU
		Release|Any CPU = Release|Any CPU
	EndGlobalSection
	GlobalSection(ProjectConfigurationPlatforms) = postSolution
		{A0839BE5-7A72-4BD9-BB77-FC691B1E1B19}.Debug|Any CPU.ActiveCfg = Debug|Any CPU
		{A0839BE5-7A72-4BD9-BB77-FC691B1E1B19}.Debug|Any CPU.Build.0 = Debug|Any CPU
		{A0839BE5-7A72-4BD9-BB77-FC691B1E1B19}.Release|Any CPU.ActiveCfg = Release|Any CPU
		{A0839BE5-7A72-4BD9-BB77-FC691B1E1B19}.Release|Any CPU.Build.0 = Release|Any CPU
	EndGlobalSection
	GlobalSection(SolutionProperties) = preSolution
		HideSolutionNode = FALSE
	EndGlobalSection
	GlobalSection(ExtensibilityGlobals) = postSolution
		SolutionGuid = {E71F258F-0B0A-4DAF-8D1F-41D71872B1BB}
	EndGlobalSection
EndGlobal
